
Microsoft Visual Studio Solution File, Format Version 12.00
# Visual Studio 14
VisualStudioVersion = 14.0.24720.0
MinimumVisualStudioVersion = 10.0.40219.1
Project("{FAE04EC0-301F-11D3-BF4B-00C04F79EFBC}") = "ReadImageTester", "ReadImageTester\ReadImageTester.csproj", "{1B6A5FF9-8A23-4F6C-BD47-684DB84A8B76}"
EndProject
Project("{FAE04EC0-301F-11D3-BF4B-00C04F79EFBC}") = "ChangeImageWindow", "ChangeImageWindow\ChangeImageWindow.csproj", "{A6DEA6FE-805C-4125-AFA7-FC917209EA22}"
EndProject
Global
	GlobalSection(SolutionConfigurationPlatforms) = preSolution
		Debug|Any CPU = Debug|Any CPU
		Release|Any CPU = Release|Any CPU
	EndGlobalSection
	GlobalSection(ProjectConfigurationPlatforms) = postSolution
		{1B6A5FF9-8A23-4F6C-BD47-684DB84A8B76}.Debug|Any CPU.ActiveCfg = Debug|Any CPU
		{1B6A5FF9-8A23-4F6C-BD47-684DB84A8B76}.Debug|Any CPU.Build.0 = Debug|Any CPU
		{1B6A5FF9-8A23-4F6C-BD47-684DB84A8B76}.Release|Any CPU.ActiveCfg = Release|Any CPU
		{1B6A5FF9-8A23-4F6C-BD47-684DB84A8B76}.Release|Any CPU.Build.0 = Release|Any CPU
		{A6DEA6FE-805C-4125-AFA7-FC917209EA22}.Debug|Any CPU.ActiveCfg = Debug|Any CPU
		{A6DEA6FE-805C-4125-AFA7-FC917209EA22}.Debug|Any CPU.Build.0 = Debug|Any CPU
		{A6DEA6FE-805C-4125-AFA7-FC917209EA22}.Release|Any CPU.ActiveCfg = Release|Any CPU
		{A6DEA6FE-805C-4125-AFA7-FC917209EA22}.Release|Any CPU.Build.0 = Release|Any CPU
	EndGlobalSection
	GlobalSection(SolutionProperties) = preSolution
		HideSolutionNode = FALSE
	EndGlobalSection
EndGlobal
